// !$*UTF8*$!
{
	archiveVersion = 1;
	classes = {
	};
	objectVersion = 55;
	objects = {

/* Begin PBXBuildFile section */
		B1483B2E2768C97500199E94 /* OverlayWindowExampleApp.swift in Sources */ = {isa = PBXBuildFile; fileRef = B1483B2D2768C97500199E94 /* OverlayWindowExampleApp.swift */; };
		B1483B302768C97500199E94 /* ContentView.swift in Sources */ = {isa = PBXBuildFile; fileRef = B1483B2F2768C97500199E94 /* ContentView.swift */; };
		B1483B322768C97800199E94 /* Assets.xcassets in Resources */ = {isa = PBXBuildFile; fileRef = B1483B312768C97800199E94 /* Assets.xcassets */; };
		B1483B352768C97800199E94 /* Preview Assets.xcassets in Resources */ = {isa = PBXBuildFile; fileRef = B1483B342768C97800199E94 /* Preview Assets.xcassets */; };
		B1483B3E2768CD8400199E94 /* OverlayService.swift in Sources */ = {isa = PBXBuildFile; fileRef = B1483B3D2768CD8400199E94 /* OverlayService.swift */; };
		B1483B412768CE0100199E94 /* OverlayWindow in Frameworks */ = {isa = PBXBuildFile; productRef = B1483B402768CE0100199E94 /* OverlayWindow */; };
		B1483B432768CEB400199E94 /* OverlayExampleBody.swift in Sources */ = {isa = PBXBuildFile; fileRef = B1483B422768CEB400199E94 /* OverlayExampleBody.swift */; };
/* End PBXBuildFile section */

/* Begin PBXFileReference section */
		B1483B2A2768C97500199E94 /* OverlayWindowExample.app */ = {isa = PBXFileReference; explicitFileType = wrapper.application; includeInIndex = 0; path = OverlayWindowExample.app; sourceTree = BUILT_PRODUCTS_DIR; };
		B1483B2D2768C97500199E94 /* OverlayWindowExampleApp.swift */ = {isa = PBXFileReference; lastKnownFileType = sourcecode.swift; path = OverlayWindowExampleApp.swift; sourceTree = "<group>"; };
		B1483B2F2768C97500199E94 /* ContentView.swift */ = {isa = PBXFileReference; lastKnownFileType = sourcecode.swift; path = ContentView.swift; sourceTree = "<group>"; };
		B1483B312768C97800199E94 /* Assets.xcassets */ = {isa = PBXFileReference; lastKnownFileType = folder.assetcatalog; path = Assets.xcassets; sourceTree = "<group>"; };
		B1483B342768C97800199E94 /* Preview Assets.xcassets */ = {isa = PBXFileReference; lastKnownFileType = folder.assetcatalog; path = "Preview Assets.xcassets"; sourceTree = "<group>"; };
		B1483B3C2768CD4200199E94 /* OverlayWindow */ = {isa = PBXFileReference; lastKnownFileType = folder; name = OverlayWindow; path = ../OverlayWindow; sourceTree = "<group>"; };
		B1483B3D2768CD8400199E94 /* OverlayService.swift */ = {isa = PBXFileReference; lastKnownFileType = sourcecode.swift; path = OverlayService.swift; sourceTree = "<group>"; };
		B1483B422768CEB400199E94 /* OverlayExampleBody.swift */ = {isa = PBXFileReference; lastKnownFileType = sourcecode.swift; path = OverlayExampleBody.swift; sourceTree = "<group>"; };
/* End PBXFileReference section */

/* Begin PBXFrameworksBuildPhase section */
		B1483B272768C97500199E94 /* Frameworks */ = {
			isa = PBXFrameworksBuildPhase;
			buildActionMask = 2147483647;
			files = (
				B1483B412768CE0100199E94 /* OverlayWindow in Frameworks */,
			);
			runOnlyForDeploymentPostprocessing = 0;
		};
/* End PBXFrameworksBuildPhase section */

/* Begin PBXGroup section */
		B1483B212768C97500199E94 = {
			isa = PBXGroup;
			children = (
				B1483B3B2768CD4200199E94 /* Packages */,
				B1483B2C2768C97500199E94 /* OverlayWindowExample */,
				B1483B2B2768C97500199E94 /* Products */,
				B1483B3F2768CE0100199E94 /* Frameworks */,
			);
			sourceTree = "<group>";
		};
		B1483B2B2768C97500199E94 /* Products */ = {
			isa = PBXGroup;
			children = (
				B1483B2A2768C97500199E94 /* OverlayWindowExample.app */,
			);
			name = Products;
			sourceTree = "<group>";
		};
		B1483B2C2768C97500199E94 /* OverlayWindowExample */ = {
			isa = PBXGroup;
			children = (
				B1483B2D2768C97500199E94 /* OverlayWindowExampleApp.swift */,
				B1483B2F2768C97500199E94 /* ContentView.swift */,
				B1483B3D2768CD8400199E94 /* OverlayService.swift */,
				B1483B422768CEB400199E94 /* OverlayExampleBody.swift */,
				B1483B312768C97800199E94 /* Assets.xcassets */,
				B1483B332768C97800199E94 /* Preview Content */,
			);
			path = OverlayWindowExample;
			sourceTree = "<group>";
		};
		B1483B332768C97800199E94 /* Preview Content */ = {
			isa = PBXGroup;
			children = (
				B1483B342768C97800199E94 /* Preview Assets.xcassets */,
			);
			path = "Preview Content";
			sourceTree = "<group>";
		};
		B1483B3B2768CD4200199E94 /* Packages */ = {
			isa = PBXGroup;
			children = (
				B1483B3C2768CD4200199E94 /* OverlayWindow */,
			);
			name = Packages;
			sourceTree = "<group>";
		};
		B1483B3F2768CE0100199E94 /* Frameworks */ = {
			isa = PBXGroup;
			children = (
			);
			name = Frameworks;
			sourceTree = "<group>";
		};
/* End PBXGroup section */

/* Begin PBXNativeTarget section */
		B1483B292768C97500199E94 /* OverlayWindowExample */ = {
			isa = PBXNativeTarget;
			buildConfigurationList = B1483B382768C97800199E94 /* Build configuration list for PBXNativeTarget "OverlayWindowExample" */;
			buildPhases = (
				B1483B262768C97500199E94 /* Sources */,
				B1483B272768C97500199E94 /* Frameworks */,
				B1483B282768C97500199E94 /* Resources */,
			);
			buildRules = (
			);
			dependencies = (
			);
			name = OverlayWindowExample;
			packageProductDependencies = (
				B1483B402768CE0100199E94 /* OverlayWindow */,
			);
			productName = OverlayWindowExample;
			productReference = B1483B2A2768C97500199E94 /* OverlayWindowExample.app */;
			productType = "com.apple.product-type.application";
		};
/* End PBXNativeTarget section */

/* Begin PBXProject section */
		B1483B222768C97500199E94 /* Project object */ = {
			isa = PBXProject;
			attributes = {
				BuildIndependentTargetsInParallel = 1;
				LastSwiftUpdateCheck = 1310;
				LastUpgradeCheck = 1310;
				TargetAttributes = {
					B1483B292768C97500199E94 = {
						CreatedOnToolsVersion = 13.1;
					};
				};
			};
			buildConfigurationList = B1483B252768C97500199E94 /* Build configuration list for PBXProject "OverlayWindowExample" */;
			compatibilityVersion = "Xcode 13.0";
			developmentRegion = en;
			hasScannedForEncodings = 0;
			knownRegions = (
				en,
				Base,
			);
			mainGroup = B1483B212768C97500199E94;
			productRefGroup = B1483B2B2768C97500199E94 /* Products */;
			projectDirPath = "";
			projectRoot = "";
			targets = (
				B1483B292768C97500199E94 /* OverlayWindowExample */,
			);
		};
/* End PBXProject section */

/* Begin PBXResourcesBuildPhase section */
		B1483B282768C97500199E94 /* Resources */ = {
			isa = PBXResourcesBuildPhase;
			buildActionMask = 2147483647;
			files = (
				B1483B352768C97800199E94 /* Preview Assets.xcassets in Resources */,
				B1483B322768C97800199E94 /* Assets.xcassets in Resources */,
			);
			runOnlyForDeploymentPostprocessing = 0;
		};
/* End PBXResourcesBuildPhase section */

/* Begin PBXSourcesBuildPhase section */
		B1483B262768C97500199E94 /* Sources */ = {
			isa = PBXSourcesBuildPhase;
			buildActionMask = 2147483647;
			files = (
				B1483B3E2768CD8400199E94 /* OverlayService.swift in Sources */,
				B1483B302768C97500199E94 /* ContentView.swift in Sources */,
				B1483B2E2768C97500199E94 /* OverlayWindowExampleApp.swift in Sources */,
				B1483B432768CEB400199E94 /* OverlayExampleBody.swift in Sources */,
			);
			runOnlyForDeploymentPostprocessing = 0;
		};
/* End PBXSourcesBuildPhase section */

/* Begin XCBuildConfiguration section */
		B1483B362768C97800199E94 /* Debug */ = {
			isa = XCBuildConfiguration;
			buildSettings = {
				ALWAYS_SEARCH_USER_PATHS = NO;
				CLANG_ANALYZER_NONNULL = YES;
				CLANG_ANALYZER_NUMBER_OBJECT_CONVERSION = YES_AGGRESSIVE;
				CLANG_CXX_LANGUAGE_STANDARD = "gnu++17";
				CLANG_CXX_LIBRARY = "libc++";
				CLANG_ENABLE_MODULES = YES;
				CLANG_ENABLE_OBJC_ARC = YES;
				CLANG_ENABLE_OBJC_WEAK = YES;
				CLANG_WARN_BLOCK_CAPTURE_AUTORELEASING = YES;
				CLANG_WARN_BOOL_CONVERSION = YES;
				CLANG_WARN_COMMA = YES;
				CLANG_WARN_CONSTANT_CONVERSION = YES;
				CLANG_WARN_DEPRECATED_OBJC_IMPLEMENTATIONS = YES;
				CLANG_WARN_DIRECT_OBJC_ISA_USAGE = YES_ERROR;
				CLANG_WARN_DOCUMENTATION_COMMENTS = YES;
				CLANG_WARN_EMPTY_BODY = YES;
				CLANG_WARN_ENUM_CONVERSION = YES;
				CLANG_WARN_INFINITE_RECURSION = YES;
				CLANG_WARN_INT_CONVERSION = YES;
				CLANG_WARN_NON_LITERAL_NULL_CONVERSION = YES;
				CLANG_WARN_OBJC_IMPLICIT_RETAIN_SELF = YES;
				CLANG_WARN_OBJC_LITERAL_CONVERSION = YES;
				CLANG_WARN_OBJC_ROOT_CLASS = YES_ERROR;
				CLANG_WARN_QUOTED_INCLUDE_IN_FRAMEWORK_HEADER = YES;
				CLANG_WARN_RANGE_LOOP_ANALYSIS = YES;
				CLANG_WARN_STRICT_PROTOTYPES = YES;
				CLANG_WARN_SUSPICIOUS_MOVE = YES;
				CLANG_WARN_UNGUARDED_AVAILABILITY = YES_AGGRESSIVE;
				CLANG_WARN_UNREACHABLE_CODE = YES;
				CLANG_WARN__DUPLICATE_METHOD_MATCH = YES;
				COPY_PHASE_STRIP = NO;
				DEBUG_INFORMATION_FORMAT = dwarf;
				ENABLE_STRICT_OBJC_MSGSEND = YES;
				ENABLE_TESTABILITY = YES;
				GCC_C_LANGUAGE_STANDARD = gnu11;
				GCC_DYNAMIC_NO_PIC = NO;
				GCC_NO_COMMON_BLOCKS = YES;
				GCC_OPTIMIZATION_LEVEL = 0;
				GCC_PREPROCESSOR_DEFINITIONS = (
					"DEBUG=1",
					"$(inherited)",
				);
				GCC_WARN_64_TO_32_BIT_CONVERSION = YES;
				GCC_WARN_ABOUT_RETURN_TYPE = YES_ERROR;
				GCC_WARN_UNDECLARED_SELECTOR = YES;
				GCC_WARN_UNINITIALIZED_AUTOS = YES_AGGRESSIVE;
				GCC_WARN_UNUSED_FUNCTION = YES;
				GCC_WARN_UNUSED_VARIABLE = YES;
				IPHONEOS_DEPLOYMENT_TARGET = 15.0;
				MTL_ENABLE_DEBUG_INFO = INCLUDE_SOURCE;
				MTL_FAST_MATH = YES;
				ONLY_ACTIVE_ARCH = YES;
				SDKROOT = iphoneos;
				SWIFT_ACTIVE_COMPILATION_CONDITIONS = DEBUG;
				SWIFT_OPTIMIZATION_LEVEL = "-Onone";
			};
			name = Debug;
		};
		B1483B372768C97800199E94 /* Release */ = {
			isa = XCBuildConfiguration;
			buildSettings = {
				ALWAYS_SEARCH_USER_PATHS = NO;
				CLANG_ANALYZER_NONNULL = YES;
				CLANG_ANALYZER_NUMBER_OBJECT_CONVERSION = YES_AGGRESSIVE;
				CLANG_CXX_LANGUAGE_STANDARD = "gnu++17";
				CLANG_CXX_LIBRARY = "libc++";
				CLANG_ENABLE_MODULES = YES;
				CLANG_ENABLE_OBJC_ARC = YES;
				CLANG_ENABLE_OBJC_WEAK = YES;
				CLANG_WARN_BLOCK_CAPTURE_AUTORELEASING = YES;
				CLANG_WARN_BOOL_CONVERSION = YES;
				CLANG_WARN_COMMA = YES;
				CLANG_WARN_CONSTANT_CONVERSION = YES;
				CLANG_WARN_DEPRECATED_OBJC_IMPLEMENTATIONS = YES;
				CLANG_WARN_DIRECT_OBJC_ISA_USAGE = YES_ERROR;
				CLANG_WARN_DOCUMENTATION_COMMENTS = YES;
				CLANG_WARN_EMPTY_BODY = YES;
				CLANG_WARN_ENUM_CONVERSION = YES;
				CLANG_WARN_INFINITE_RECURSION = YES;
				CLANG_WARN_INT_CONVERSION = YES;
				CLANG_WARN_NON_LITERAL_NULL_CONVERSION = YES;
				CLANG_WARN_OBJC_IMPLICIT_RETAIN_SELF = YES;
				CLANG_WARN_OBJC_LITERAL_CONVERSION = YES;
				CLANG_WARN_OBJC_ROOT_CLASS = YES_ERROR;
				CLANG_WARN_QUOTED_INCLUDE_IN_FRAMEWORK_HEADER = YES;
				CLANG_WARN_RANGE_LOOP_ANALYSIS = YES;
				CLANG_WARN_STRICT_PROTOTYPES = YES;
				CLANG_WARN_SUSPICIOUS_MOVE = YES;
				CLANG_WARN_UNGUARDED_AVAILABILITY = YES_AGGRESSIVE;
				CLANG_WARN_UNREACHABLE_CODE = YES;
				CLANG_WARN__DUPLICATE_METHOD_MATCH = YES;
				COPY_PHASE_STRIP = NO;
				DEBUG_INFORMATION_FORMAT = "dwarf-with-dsym";
				ENABLE_NS_ASSERTIONS = NO;
				ENABLE_STRICT_OBJC_MSGSEND = YES;
				GCC_C_LANGUAGE_STANDARD = gnu11;
				GCC_NO_COMMON_BLOCKS = YES;
				GCC_WARN_64_TO_32_BIT_CONVERSION = YES;
				GCC_WARN_ABOUT_RETURN_TYPE = YES_ERROR;
				GCC_WARN_UNDECLARED_SELECTOR = YES;
				GCC_WARN_UNINITIALIZED_AUTOS = YES_AGGRESSIVE;
				GCC_WARN_UNUSED_FUNCTION = YES;
				GCC_WARN_UNUSED_VARIABLE = YES;
				IPHONEOS_DEPLOYMENT_TARGET = 15.0;
				MTL_ENABLE_DEBUG_INFO = NO;
				MTL_FAST_MATH = YES;
				SDKROOT = iphoneos;
				SWIFT_COMPILATION_MODE = wholemodule;
				SWIFT_OPTIMIZATION_LEVEL = "-O";
				VALIDATE_PRODUCT = YES;
			};
			name = Release;
		};
		B1483B392768C97800199E94 /* Debug */ = {
			isa = XCBuildConfiguration;
			buildSettings = {
				ASSETCATALOG_COMPILER_APPICON_NAME = AppIcon;
				ASSETCATALOG_COMPILER_GLOBAL_ACCENT_COLOR_NAME = AccentColor;
				CODE_SIGN_STYLE = Automatic;
				CURRENT_PROJECT_VERSION = 1;
				DEVELOPMENT_ASSET_PATHS = "\"OverlayWindowExample/Preview Content\"";
				DEVELOPMENT_TEAM = CN82HUX3PY;
				ENABLE_PREVIEWS = YES;
				GENERATE_INFOPLIST_FILE = YES;
				INFOPLIST_KEY_UIApplicationSceneManifest_Generation = YES;
				INFOPLIST_KEY_UIApplicationSupportsIndirectInputEvents = YES;
				INFOPLIST_KEY_UILaunchScreen_Generation = YES;
				INFOPLIST_KEY_UISupportedInterfaceOrientations_iPad = "UIInterfaceOrientationPortrait UIInterfaceOrientationPortraitUpsideDown UIInterfaceOrientationLandscapeLeft UIInterfaceOrientationLandscapeRight";
				INFOPLIST_KEY_UISupportedInterfaceOrientations_iPhone = "UIInterfaceOrientationPortrait UIInterfaceOrientationLandscapeLeft UIInterfaceOrientationLandscapeRight";
				LD_RUNPATH_SEARCH_PATHS = (
					"$(inherited)",
					"@executable_path/Frameworks",
				);
				MARKETING_VERSION = 1.0;
				PRODUCT_BUNDLE_IDENTIFIER = dk.gahms.OverlayWindowExample;
				PRODUCT_NAME = "$(TARGET_NAME)";
				SWIFT_EMIT_LOC_STRINGS = YES;
				SWIFT_VERSION = 5.0;
				TARGETED_DEVICE_FAMILY = "1,2";
			};
			name = Debug;
		};
		B1483B3A2768C97800199E94 /* Release */ = {
			isa = XCBuildConfiguration;
			buildSettings = {
				ASSETCATALOG_COMPILER_APPICON_NAME = AppIcon;
				ASSETCATALOG_COMPILER_GLOBAL_ACCENT_COLOR_NAME = AccentColor;
				CODE_SIGN_STYLE = Automatic;
				CURRENT_PROJECT_VERSION = 1;
				DEVELOPMENT_ASSET_PATHS = "\"OverlayWindowExample/Preview Content\"";
				DEVELOPMENT_TEAM = CN82HUX3PY;
				ENABLE_PREVIEWS = YES;
				GENERATE_INFOPLIST_FILE = YES;
				INFOPLIST_KEY_UIApplicationSceneManifest_Generation = YES;
				INFOPLIST_KEY_UIApplicationSupportsIndirectInputEvents = YES;
				INFOPLIST_KEY_UILaunchScreen_Generation = YES;
				INFOPLIST_KEY_UISupportedInterfaceOrientations_iPad = "UIInterfaceOrientationPortrait UIInterfaceOrientationPortraitUpsideDown UIInterfaceOrientationLandscapeLeft UIInterfaceOrientationLandscapeRight";
				INFOPLIST_KEY_UISupportedInterfaceOrientations_iPhone = "UIInterfaceOrientationPortrait UIInterfaceOrientationLandscapeLeft UIInterfaceOrientationLandscapeRight";
				LD_RUNPATH_SEARCH_PATHS = (
					"$(inherited)",
					"@executable_path/Frameworks",
				);
				MARKETING_VERSION = 1.0;
				PRODUCT_BUNDLE_IDENTIFIER = dk.gahms.OverlayWindowExample;
				PRODUCT_NAME = "$(TARGET_NAME)";
				SWIFT_EMIT_LOC_STRINGS = YES;
				SWIFT_VERSION = 5.0;
				TARGETED_DEVICE_FAMILY = "1,2";
			};
			name = Release;
		};
/* End XCBuildConfiguration section */

/* Begin XCConfigurationList section */
		B1483B252768C97500199E94 /* Build configuration list for PBXProject "OverlayWindowExample" */ = {
			isa = XCConfigurationList;
			buildConfigurations = (
				B1483B362768C97800199E94 /* Debug */,
				B1483B372768C97800199E94 /* Release */,
			);
			defaultConfigurationIsVisible = 0;
			defaultConfigurationName = Release;
		};
		B1483B382768C97800199E94 /* Build configuration list for PBXNativeTarget "OverlayWindowExample" */ = {
			isa = XCConfigurationList;
			buildConfigurations = (
				B1483B392768C97800199E94 /* Debug */,
				B1483B3A2768C97800199E94 /* Release */,
			);
			defaultConfigurationIsVisible = 0;
			defaultConfigurationName = Release;
		};
/* End XCConfigurationList section */

/* Begin XCSwiftPackageProductDependency section */
		B1483B402768CE0100199E94 /* OverlayWindow */ = {
			isa = XCSwiftPackageProductDependency;
			productName = OverlayWindow;
		};
/* End XCSwiftPackageProductDependency section */
	};
	rootObject = B1483B222768C97500199E94 /* Project object */;
}
